{
  "version": 4,
  "terraform_version": "1.9.2",
  "serial": 9,
  "lineage": "f4ddd711-2577-57fe-8000-76f4bb7c868e",
  "outputs": {
    "client_certificate": {
      "value": null,
      "type": "string",
      "sensitive": true
    },
    "client_key": {
      "value": null,
      "type": "string",
      "sensitive": true
    },
    "cluster_ca_certificate": {
      "value": null,
      "type": "string",
      "sensitive": true
    },
    "cluster_password": {
      "value": null,
      "type": "string",
      "sensitive": true
    },
    "cluster_username": {
      "value": null,
      "type": "string",
      "sensitive": true
    },
    "host": {
      "value": null,
      "type": "string",
      "sensitive": true
    },
    "key_data": {
      "value": null,
      "type": "dynamic"
    },
    "kube_config": {
      "value": null,
      "type": "string",
      "sensitive": true
    },
    "kubernetes_cluster_name": {
      "value": null,
      "type": "string"
    },
    "resource_group_name": {
      "value": "altschool-sock-shop",
      "type": "string"
    }
  },
  "resources": [
    {
      "mode": "managed",
      "type": "azurerm_resource_group",
      "name": "rg",
      "provider": "provider[\"registry.terraform.io/hashicorp/azurerm\"]",
      "instances": [
        {
          "schema_version": 0,
          "attributes": {
            "id": "/subscriptions/8c67470f-7b3b-4cfa-9296-dd120f0da9bf/resourceGroups/altschool-sock-shop",
            "location": "eastus",
            "managed_by": "",
            "name": "altschool-sock-shop",
            "tags": {},
            "timeouts": null
          },
          "sensitive_attributes": [],
          "private": "eyJlMmJmYjczMC1lY2FhLTExZTYtOGY4OC0zNDM2M2JjN2M0YzAiOnsiY3JlYXRlIjo1NDAwMDAwMDAwMDAwLCJkZWxldGUiOjU0MDAwMDAwMDAwMDAsInJlYWQiOjMwMDAwMDAwMDAwMCwidXBkYXRlIjo1NDAwMDAwMDAwMDAwfSwic2NoZW1hX3ZlcnNpb24iOiIwIn0="
        }
      ]
    },
    {
      "mode": "managed",
      "type": "random_pet",
      "name": "azurerm_kubernetes_cluster_dns_prefix",
      "provider": "provider[\"registry.terraform.io/hashicorp/random\"]",
      "instances": [
        {
          "schema_version": 0,
          "attributes": {
            "id": "dns-smashing-buck",
            "keepers": null,
            "length": 2,
            "prefix": "dns",
            "separator": "-"
          },
          "sensitive_attributes": []
        }
      ]
    },
    {
      "mode": "managed",
      "type": "random_pet",
      "name": "azurerm_kubernetes_cluster_name",
      "provider": "provider[\"registry.terraform.io/hashicorp/random\"]",
      "instances": [
        {
          "schema_version": 0,
          "attributes": {
            "id": "cluster-grateful-pelican",
            "keepers": null,
            "length": 2,
            "prefix": "cluster",
            "separator": "-"
          },
          "sensitive_attributes": []
        }
      ]
    },
    {
      "mode": "managed",
      "type": "random_pet",
      "name": "rg_name",
      "provider": "provider[\"registry.terraform.io/hashicorp/random\"]",
      "instances": [
        {
          "schema_version": 0,
          "attributes": {
            "id": "rg-still-bunny",
            "keepers": null,
            "length": 2,
            "prefix": "rg",
            "separator": "-"
          },
          "sensitive_attributes": []
        }
      ]
    },
    {
      "mode": "managed",
      "type": "random_pet",
      "name": "ssh_key_name",
      "provider": "provider[\"registry.terraform.io/hashicorp/random\"]",
      "instances": [
        {
          "schema_version": 0,
          "attributes": {
            "id": "sshprecisekilldeer",
            "keepers": null,
            "length": 2,
            "prefix": "ssh",
            "separator": ""
          },
          "sensitive_attributes": []
        }
      ]
    }
  ],
  "check_results": null
}
